
Microsoft Visual Studio Solution File, Format Version 12.00
# Visual Studio Version 17
VisualStudioVersion = 17.5.002.0
MinimumVisualStudioVersion = 10.0.40219.1
Project("{9A19103F-16F7-4668-BE54-9A1E7A4F7556}") = "XmlCrudApp", "XmlCrudApp.csproj", "{2FDA43D2-CC24-4FD9-AC98-DB8D363B26BB}"
EndProject
Global
	GlobalSection(SolutionConfigurationPlatforms) = preSolution
		Debug|Any CPU = Debug|Any CPU
		Release|Any CPU = Release|Any CPU
	EndGlobalSection
	GlobalSection(ProjectConfigurationPlatforms) = postSolution
		{2FDA43D2-CC24-4FD9-AC98-DB8D363B26BB}.Debug|Any CPU.ActiveCfg = Debug|Any CPU
		{2FDA43D2-CC24-4FD9-AC98-DB8D363B26BB}.Debug|Any CPU.Build.0 = Debug|Any CPU
		{2FDA43D2-CC24-4FD9-AC98-DB8D363B26BB}.Release|Any CPU.ActiveCfg = Release|Any CPU
		{2FDA43D2-CC24-4FD9-AC98-DB8D363B26BB}.Release|Any CPU.Build.0 = Release|Any CPU
	EndGlobalSection
	GlobalSection(SolutionProperties) = preSolution
		HideSolutionNode = FALSE
	EndGlobalSection
	GlobalSection(ExtensibilityGlobals) = postSolution
		SolutionGuid = {C7BBC8BD-07DB-4A1D-B235-9463BF0F4421}
	EndGlobalSection
EndGlobal
